// !$*UTF8*$!
{
	archiveVersion = 1;
	classes = {
	};
	objectVersion = 50;
	objects = {

/* Begin PBXBuildFile section */
		6A09EF80253C3ADE0001B56A /* Solution41.cpp in Sources */ = {isa = PBXBuildFile; fileRef = 6A09EF7E253C3ADE0001B56A /* Solution41.cpp */; };
		6A09EF84253C7CDA0001B56A /* Solution53.cpp in Sources */ = {isa = PBXBuildFile; fileRef = 6A09EF82253C7CDA0001B56A /* Solution53.cpp */; };
		6A0E40B72537567400A1F798 /* Solution33.cpp in Sources */ = {isa = PBXBuildFile; fileRef = 6A0E40B52537567400A1F798 /* Solution33.cpp */; };
		6A1EB247256106590068529C /* Solution103.cpp in Sources */ = {isa = PBXBuildFile; fileRef = 6A1EB245256106590068529C /* Solution103.cpp */; };
		6A1EB24B25610C4A0068529C /* Solution51.cpp in Sources */ = {isa = PBXBuildFile; fileRef = 6A1EB24925610C4A0068529C /* Solution51.cpp */; };
		6A1EB24F25611AB40068529C /* Solution52.cpp in Sources */ = {isa = PBXBuildFile; fileRef = 6A1EB24D25611AB40068529C /* Solution52.cpp */; };
		6A35AD01254548320019CDB3 /* Solution50.cpp in Sources */ = {isa = PBXBuildFile; fileRef = 6A35ACFF254548320019CDB3 /* Solution50.cpp */; };
		6A35AD05254558380019CDB3 /* Solution48.cpp in Sources */ = {isa = PBXBuildFile; fileRef = 6A35AD03254558380019CDB3 /* Solution48.cpp */; };
		6A35AD09254566D60019CDB3 /* Solution49.cpp in Sources */ = {isa = PBXBuildFile; fileRef = 6A35AD07254566D60019CDB3 /* Solution49.cpp */; };
		6A40C12C24D9832A008D0BD5 /* Solution1202.cpp in Sources */ = {isa = PBXBuildFile; fileRef = 6A40C12A24D98329008D0BD5 /* Solution1202.cpp */; };
		6A484CF0257CA79A00A93D0F /* Solution104.cpp in Sources */ = {isa = PBXBuildFile; fileRef = 6A484CEE257CA79A00A93D0F /* Solution104.cpp */; };
		6A484CF4257CB93B00A93D0F /* Solution105.cpp in Sources */ = {isa = PBXBuildFile; fileRef = 6A484CF2257CB93B00A93D0F /* Solution105.cpp */; };
		6A484CF8257CD41900A93D0F /* Solution108.cpp in Sources */ = {isa = PBXBuildFile; fileRef = 6A484CF6257CD41900A93D0F /* Solution108.cpp */; };
		6A484CFC257CD8C300A93D0F /* Solution116.cpp in Sources */ = {isa = PBXBuildFile; fileRef = 6A484CFA257CD8C300A93D0F /* Solution116.cpp */; };
		6A484D00257FCBB500A93D0F /* Solution146.cpp in Sources */ = {isa = PBXBuildFile; fileRef = 6A484CFE257FCBB500A93D0F /* Solution146.cpp */; };
		6A4875DD238A050C00EA0245 /* main.cpp in Sources */ = {isa = PBXBuildFile; fileRef = 6A4875DC238A050C00EA0245 /* main.cpp */; };
		6A4875E5238A951900EA0245 /* Solution4.cpp in Sources */ = {isa = PBXBuildFile; fileRef = 6A4875E3238A951900EA0245 /* Solution4.cpp */; };
		6A4875E8238AB91C00EA0245 /* Solution26.cpp in Sources */ = {isa = PBXBuildFile; fileRef = 6A4875E6238AB91C00EA0245 /* Solution26.cpp */; };
		6A4875EB238D425B00EA0245 /* Solution29.cpp in Sources */ = {isa = PBXBuildFile; fileRef = 6A4875E9238D425B00EA0245 /* Solution29.cpp */; };
		6A4875EE23968F4600EA0245 /* Solution17.cpp in Sources */ = {isa = PBXBuildFile; fileRef = 6A4875EC23968F4600EA0245 /* Solution17.cpp */; };
		6A487607239E5DAE00EA0245 /* Solution22.cpp in Sources */ = {isa = PBXBuildFile; fileRef = 6A487605239E5DAE00EA0245 /* Solution22.cpp */; };
		6A48760A239FB97C00EA0245 /* Solution56.cpp in Sources */ = {isa = PBXBuildFile; fileRef = 6A487608239FB97C00EA0245 /* Solution56.cpp */; };
		6A48760D239FC0C500EA0245 /* Solution10.cpp in Sources */ = {isa = PBXBuildFile; fileRef = 6A48760B239FC0C500EA0245 /* Solution10.cpp */; };
		6A494DA4253AB0DB00B8D30A /* Solution34.cpp in Sources */ = {isa = PBXBuildFile; fileRef = 6A494DA2253AB0DB00B8D30A /* Solution34.cpp */; };
		6A494DA7253AC10D00B8D30A /* Solution36.cpp in Sources */ = {isa = PBXBuildFile; fileRef = 6A494DA5253AC10D00B8D30A /* Solution36.cpp */; };
		6A494DAA253AD83700B8D30A /* Solution38.cpp in Sources */ = {isa = PBXBuildFile; fileRef = 6A494DA8253AD83700B8D30A /* Solution38.cpp */; };
		6A5837EE25A16C1200ADBF92 /* Solution136.cpp in Sources */ = {isa = PBXBuildFile; fileRef = 6A5837EC25A16C1100ADBF92 /* Solution136.cpp */; };
		6A5837F225A1F7F000ADBF92 /* Solution45.cpp in Sources */ = {isa = PBXBuildFile; fileRef = 6A5837F025A1F7F000ADBF92 /* Solution45.cpp */; };
		6A838D1725567F0E0067788D /* Solution76.cpp in Sources */ = {isa = PBXBuildFile; fileRef = 6A838D1525567F0E0067788D /* Solution76.cpp */; };
		6A838D1B2556A0270067788D /* Solution78.cpp in Sources */ = {isa = PBXBuildFile; fileRef = 6A838D192556A0270067788D /* Solution78.cpp */; };
		6A838D1F2556D2170067788D /* Solution79.cpp in Sources */ = {isa = PBXBuildFile; fileRef = 6A838D1D2556D2170067788D /* Solution79.cpp */; };
		6A887FF724DC3D4A008B8F70 /* Solution55.cpp in Sources */ = {isa = PBXBuildFile; fileRef = 6A887FF524DC3D4A008B8F70 /* Solution55.cpp */; };
		6A9041082532D1450062B8F6 /* Solution15.cpp in Sources */ = {isa = PBXBuildFile; fileRef = 6A9041062532D1450062B8F6 /* Solution15.cpp */; };
		6A90410B2532DA6A0062B8F6 /* Solution13.cpp in Sources */ = {isa = PBXBuildFile; fileRef = 6A9041092532DA6A0062B8F6 /* Solution13.cpp */; };
		6A90410E2532E5ED0062B8F6 /* Solution19.cpp in Sources */ = {isa = PBXBuildFile; fileRef = 6A90410C2532E5ED0062B8F6 /* Solution19.cpp */; };
		6A9041112532FAA40062B8F6 /* Solution21.cpp in Sources */ = {isa = PBXBuildFile; fileRef = 6A90410F2532FAA40062B8F6 /* Solution21.cpp */; };
		6A90411425348F7E0062B8F6 /* Solution23.cpp in Sources */ = {isa = PBXBuildFile; fileRef = 6A90411225348F7E0062B8F6 /* Solution23.cpp */; };
		6A91080025456F8B00E9FA48 /* Solution44.cpp in Sources */ = {isa = PBXBuildFile; fileRef = 6A9107FE25456F8B00E9FA48 /* Solution44.cpp */; };
		6A910827254E883400E9FA48 /* Solution42.cpp in Sources */ = {isa = PBXBuildFile; fileRef = 6A910825254E883400E9FA48 /* Solution42.cpp */; };
		6A9440DB23ADB8B20048F06E /* Solution141.cpp in Sources */ = {isa = PBXBuildFile; fileRef = 6A9440D923ADB8B20048F06E /* Solution141.cpp */; };
		6A9440DE23ADBBC00048F06E /* Solution142.cpp in Sources */ = {isa = PBXBuildFile; fileRef = 6A9440DC23ADBBC00048F06E /* Solution142.cpp */; };
		6A9440E123AE327F0048F06E /* Solution160.cpp in Sources */ = {isa = PBXBuildFile; fileRef = 6A9440DF23AE327F0048F06E /* Solution160.cpp */; };
		6A9440E423AE475E0048F06E /* Solution144.cpp in Sources */ = {isa = PBXBuildFile; fileRef = 6A9440E223AE475E0048F06E /* Solution144.cpp */; };
		6A9440E723AE4C890048F06E /* Solution94.cpp in Sources */ = {isa = PBXBuildFile; fileRef = 6A9440E523AE4C890048F06E /* Solution94.cpp */; };
		6A9440EA23AE4E940048F06E /* Solution145.cpp in Sources */ = {isa = PBXBuildFile; fileRef = 6A9440E823AE4E940048F06E /* Solution145.cpp */; };
		6A9440ED23B0D8E30048F06E /* Solution102.cpp in Sources */ = {isa = PBXBuildFile; fileRef = 6A9440EB23B0D8E30048F06E /* Solution102.cpp */; };
		6A9440F023B0E7B00048F06E /* Solution5.cpp in Sources */ = {isa = PBXBuildFile; fileRef = 6A9440EE23B0E7B00048F06E /* Solution5.cpp */; };
		6A9440F323B4E9070048F06E /* Solution98.cpp in Sources */ = {isa = PBXBuildFile; fileRef = 6A9440F123B4E9070048F06E /* Solution98.cpp */; };
		6A9440F623B85B8B0048F06E /* Solution101.cpp in Sources */ = {isa = PBXBuildFile; fileRef = 6A9440F423B85B8B0048F06E /* Solution101.cpp */; };
		6A9440F923B8612D0048F06E /* Solution2.cpp in Sources */ = {isa = PBXBuildFile; fileRef = 6A9440F723B8612D0048F06E /* Solution2.cpp */; };
		6A9440FC23C0C1050048F06E /* Solution7.cpp in Sources */ = {isa = PBXBuildFile; fileRef = 6A9440FA23C0C1050048F06E /* Solution7.cpp */; };
		6A9440FF23C18AC30048F06E /* Solution6.cpp in Sources */ = {isa = PBXBuildFile; fileRef = 6A9440FD23C18AC30048F06E /* Solution6.cpp */; };
		6A94410223C197080048F06E /* Solution9.cpp in Sources */ = {isa = PBXBuildFile; fileRef = 6A94410023C197080048F06E /* Solution9.cpp */; };
		6A94410523C1C2020048F06E /* Solution3.cpp in Sources */ = {isa = PBXBuildFile; fileRef = 6A94410323C1C2020048F06E /* Solution3.cpp */; };
		6A94410823C1CCE50048F06E /* Solution14.cpp in Sources */ = {isa = PBXBuildFile; fileRef = 6A94410623C1CCE50048F06E /* Solution14.cpp */; };
		6A94410B23C36A800048F06E /* Solution11.cpp in Sources */ = {isa = PBXBuildFile; fileRef = 6A94410923C36A800048F06E /* Solution11.cpp */; };
		6A96408624DEB76F004A6CC8 /* Solution20.cpp in Sources */ = {isa = PBXBuildFile; fileRef = 6A96408424DEB76F004A6CC8 /* Solution20.cpp */; };
		6A96408924DFB631004A6CC8 /* Solution1298.cpp in Sources */ = {isa = PBXBuildFile; fileRef = 6A96408724DFB631004A6CC8 /* Solution1298.cpp */; };
		6AA7D9FD2585D45E001C0A8E /* Solution460.cpp in Sources */ = {isa = PBXBuildFile; fileRef = 6AA7D9FB2585D45E001C0A8E /* Solution460.cpp */; };
		6AA7DA0125860B3E001C0A8E /* Solution118.cpp in Sources */ = {isa = PBXBuildFile; fileRef = 6AA7D9FF25860B3E001C0A8E /* Solution118.cpp */; };
		6AA7DA0525860EDF001C0A8E /* Solution124.cpp in Sources */ = {isa = PBXBuildFile; fileRef = 6AA7DA0325860EDF001C0A8E /* Solution124.cpp */; };
		6AA7DA09258619E5001C0A8E /* Solution125.cpp in Sources */ = {isa = PBXBuildFile; fileRef = 6AA7DA07258619E5001C0A8E /* Solution125.cpp */; };
		6AA7DA14258E410E001C0A8E /* Solution127.cpp in Sources */ = {isa = PBXBuildFile; fileRef = 6AA7DA12258E410E001C0A8E /* Solution127.cpp */; };
		6AA7DA18258E615F001C0A8E /* Solution128.cpp in Sources */ = {isa = PBXBuildFile; fileRef = 6AA7DA16258E615F001C0A8E /* Solution128.cpp */; };
		6AA7DA1C258F4C30001C0A8E /* Solution130.cpp in Sources */ = {isa = PBXBuildFile; fileRef = 6AA7DA1A258F4C30001C0A8E /* Solution130.cpp */; };
		6AB7D36A254E9CEE00915975 /* Solution54.cpp in Sources */ = {isa = PBXBuildFile; fileRef = 6AB7D368254E9CEE00915975 /* Solution54.cpp */; };
		6AB7D36E254EAAE900915975 /* Solution66.cpp in Sources */ = {isa = PBXBuildFile; fileRef = 6AB7D36C254EAAE900915975 /* Solution66.cpp */; };
		6AB7D372254EAEC200915975 /* Solution69.cpp in Sources */ = {isa = PBXBuildFile; fileRef = 6AB7D370254EAEC200915975 /* Solution69.cpp */; };
		6AB7D376254EB59A00915975 /* Solution70.cpp in Sources */ = {isa = PBXBuildFile; fileRef = 6AB7D374254EB59A00915975 /* Solution70.cpp */; };
		6AB7D37A254EB92F00915975 /* Solution73.cpp in Sources */ = {isa = PBXBuildFile; fileRef = 6AB7D378254EB92F00915975 /* Solution73.cpp */; };
		6AB7D37E254EBCFC00915975 /* Solution75.cpp in Sources */ = {isa = PBXBuildFile; fileRef = 6AB7D37C254EBCFC00915975 /* Solution75.cpp */; };
		6AC1FED22557D4DE001DD517 /* Solution84.cpp in Sources */ = {isa = PBXBuildFile; fileRef = 6AC1FED02557D4DE001DD517 /* Solution84.cpp */; };
		6AC1FED6255838FD001DD517 /* Solution88.cpp in Sources */ = {isa = PBXBuildFile; fileRef = 6AC1FED4255838FD001DD517 /* Solution88.cpp */; };
		6AC1FEDA255980DA001DD517 /* Solution91.cpp in Sources */ = {isa = PBXBuildFile; fileRef = 6AC1FED8255980DA001DD517 /* Solution91.cpp */; };
		6ADB68A6258DE7EA0096BB8A /* Solution208.cpp in Sources */ = {isa = PBXBuildFile; fileRef = 6ADB68A4258DE7EA0096BB8A /* Solution208.cpp */; };
/* End PBXBuildFile section */

/* Begin PBXCopyFilesBuildPhase section */
		6A4875D7238A050C00EA0245 /* CopyFiles */ = {
			isa = PBXCopyFilesBuildPhase;
			buildActionMask = 2147483647;
			dstPath = /usr/share/man/man1/;
			dstSubfolderSpec = 0;
			files = (
			);
			runOnlyForDeploymentPostprocessing = 1;
		};
/* End PBXCopyFilesBuildPhase section */

/* Begin PBXFileReference section */
		6A09EF7E253C3ADE0001B56A /* Solution41.cpp */ = {isa = PBXFileReference; lastKnownFileType = sourcecode.cpp.cpp; path = Solution41.cpp; sourceTree = "<group>"; };
		6A09EF7F253C3ADE0001B56A /* Solution41.hpp */ = {isa = PBXFileReference; lastKnownFileType = sourcecode.cpp.h; path = Solution41.hpp; sourceTree = "<group>"; };
		6A09EF82253C7CDA0001B56A /* Solution53.cpp */ = {isa = PBXFileReference; lastKnownFileType = sourcecode.cpp.cpp; path = Solution53.cpp; sourceTree = "<group>"; };
		6A09EF83253C7CDA0001B56A /* Solution53.hpp */ = {isa = PBXFileReference; lastKnownFileType = sourcecode.cpp.h; path = Solution53.hpp; sourceTree = "<group>"; };
		6A0E40B52537567400A1F798 /* Solution33.cpp */ = {isa = PBXFileReference; lastKnownFileType = sourcecode.cpp.cpp; path = Solution33.cpp; sourceTree = "<group>"; };
		6A0E40B62537567400A1F798 /* Solution33.hpp */ = {isa = PBXFileReference; lastKnownFileType = sourcecode.cpp.h; path = Solution33.hpp; sourceTree = "<group>"; };
		6A1EB245256106590068529C /* Solution103.cpp */ = {isa = PBXFileReference; lastKnownFileType = sourcecode.cpp.cpp; path = Solution103.cpp; sourceTree = "<group>"; };
		6A1EB246256106590068529C /* Solution103.hpp */ = {isa = PBXFileReference; lastKnownFileType = sourcecode.cpp.h; path = Solution103.hpp; sourceTree = "<group>"; };
		6A1EB24925610C4A0068529C /* Solution51.cpp */ = {isa = PBXFileReference; lastKnownFileType = sourcecode.cpp.cpp; path = Solution51.cpp; sourceTree = "<group>"; };
		6A1EB24A25610C4A0068529C /* Solution51.hpp */ = {isa = PBXFileReference; lastKnownFileType = sourcecode.cpp.h; path = Solution51.hpp; sourceTree = "<group>"; };
		6A1EB24D25611AB40068529C /* Solution52.cpp */ = {isa = PBXFileReference; lastKnownFileType = sourcecode.cpp.cpp; path = Solution52.cpp; sourceTree = "<group>"; };
		6A1EB24E25611AB40068529C /* Solution52.hpp */ = {isa = PBXFileReference; lastKnownFileType = sourcecode.cpp.h; path = Solution52.hpp; sourceTree = "<group>"; };
		6A35ACFF254548320019CDB3 /* Solution50.cpp */ = {isa = PBXFileReference; lastKnownFileType = sourcecode.cpp.cpp; path = Solution50.cpp; sourceTree = "<group>"; };
		6A35AD00254548320019CDB3 /* Solution50.hpp */ = {isa = PBXFileReference; lastKnownFileType = sourcecode.cpp.h; path = Solution50.hpp; sourceTree = "<group>"; };
		6A35AD03254558380019CDB3 /* Solution48.cpp */ = {isa = PBXFileReference; lastKnownFileType = sourcecode.cpp.cpp; path = Solution48.cpp; sourceTree = "<group>"; };
		6A35AD04254558380019CDB3 /* Solution48.hpp */ = {isa = PBXFileReference; lastKnownFileType = sourcecode.cpp.h; path = Solution48.hpp; sourceTree = "<group>"; };
		6A35AD07254566D60019CDB3 /* Solution49.cpp */ = {isa = PBXFileReference; lastKnownFileType = sourcecode.cpp.cpp; path = Solution49.cpp; sourceTree = "<group>"; };
		6A35AD08254566D60019CDB3 /* Solution49.hpp */ = {isa = PBXFileReference; lastKnownFileType = sourcecode.cpp.h; path = Solution49.hpp; sourceTree = "<group>"; };
		6A40C12A24D98329008D0BD5 /* Solution1202.cpp */ = {isa = PBXFileReference; lastKnownFileType = sourcecode.cpp.cpp; path = Solution1202.cpp; sourceTree = "<group>"; };
		6A40C12B24D9832A008D0BD5 /* Solution1202.hpp */ = {isa = PBXFileReference; lastKnownFileType = sourcecode.cpp.h; path = Solution1202.hpp; sourceTree = "<group>"; };
		6A484CEE257CA79A00A93D0F /* Solution104.cpp */ = {isa = PBXFileReference; lastKnownFileType = sourcecode.cpp.cpp; path = Solution104.cpp; sourceTree = "<group>"; };
		6A484CEF257CA79A00A93D0F /* Solution104.hpp */ = {isa = PBXFileReference; lastKnownFileType = sourcecode.cpp.h; path = Solution104.hpp; sourceTree = "<group>"; };
		6A484CF2257CB93B00A93D0F /* Solution105.cpp */ = {isa = PBXFileReference; lastKnownFileType = sourcecode.cpp.cpp; path = Solution105.cpp; sourceTree = "<group>"; };
		6A484CF3257CB93B00A93D0F /* Solution105.hpp */ = {isa = PBXFileReference; lastKnownFileType = sourcecode.cpp.h; path = Solution105.hpp; sourceTree = "<group>"; };
		6A484CF6257CD41900A93D0F /* Solution108.cpp */ = {isa = PBXFileReference; lastKnownFileType = sourcecode.cpp.cpp; path = Solution108.cpp; sourceTree = "<group>"; };
		6A484CF7257CD41900A93D0F /* Solution108.hpp */ = {isa = PBXFileReference; lastKnownFileType = sourcecode.cpp.h; path = Solution108.hpp; sourceTree = "<group>"; };
		6A484CFA257CD8C300A93D0F /* Solution116.cpp */ = {isa = PBXFileReference; lastKnownFileType = sourcecode.cpp.cpp; path = Solution116.cpp; sourceTree = "<group>"; };
		6A484CFB257CD8C300A93D0F /* Solution116.hpp */ = {isa = PBXFileReference; lastKnownFileType = sourcecode.cpp.h; path = Solution116.hpp; sourceTree = "<group>"; };
		6A484CFE257FCBB500A93D0F /* Solution146.cpp */ = {isa = PBXFileReference; lastKnownFileType = sourcecode.cpp.cpp; path = Solution146.cpp; sourceTree = "<group>"; };
		6A484CFF257FCBB500A93D0F /* Solution146.hpp */ = {isa = PBXFileReference; lastKnownFileType = sourcecode.cpp.h; path = Solution146.hpp; sourceTree = "<group>"; };
		6A4875D9238A050C00EA0245 /* Algorithm */ = {isa = PBXFileReference; explicitFileType = "compiled.mach-o.executable"; includeInIndex = 0; path = Algorithm; sourceTree = BUILT_PRODUCTS_DIR; };
		6A4875DC238A050C00EA0245 /* main.cpp */ = {isa = PBXFileReference; lastKnownFileType = sourcecode.cpp.cpp; path = main.cpp; sourceTree = "<group>"; };
		6A4875E3238A951900EA0245 /* Solution4.cpp */ = {isa = PBXFileReference; lastKnownFileType = sourcecode.cpp.cpp; path = Solution4.cpp; sourceTree = "<group>"; };
		6A4875E4238A951900EA0245 /* Solution4.hpp */ = {isa = PBXFileReference; lastKnownFileType = sourcecode.cpp.h; path = Solution4.hpp; sourceTree = "<group>"; };
		6A4875E6238AB91C00EA0245 /* Solution26.cpp */ = {isa = PBXFileReference; lastKnownFileType = sourcecode.cpp.cpp; path = Solution26.cpp; sourceTree = "<group>"; };
		6A4875E7238AB91C00EA0245 /* Solution26.hpp */ = {isa = PBXFileReference; lastKnownFileType = sourcecode.cpp.h; path = Solution26.hpp; sourceTree = "<group>"; };
		6A4875E9238D425B00EA0245 /* Solution29.cpp */ = {isa = PBXFileReference; lastKnownFileType = sourcecode.cpp.cpp; path = Solution29.cpp; sourceTree = "<group>"; };
		6A4875EA238D425B00EA0245 /* Solution29.hpp */ = {isa = PBXFileReference; lastKnownFileType = sourcecode.cpp.h; path = Solution29.hpp; sourceTree = "<group>"; };
		6A4875EC23968F4600EA0245 /* Solution17.cpp */ = {isa = PBXFileReference; lastKnownFileType = sourcecode.cpp.cpp; path = Solution17.cpp; sourceTree = "<group>"; };
		6A4875ED23968F4600EA0245 /* Solution17.hpp */ = {isa = PBXFileReference; lastKnownFileType = sourcecode.cpp.h; path = Solution17.hpp; sourceTree = "<group>"; };
		6A487605239E5DAE00EA0245 /* Solution22.cpp */ = {isa = PBXFileReference; lastKnownFileType = sourcecode.cpp.cpp; path = Solution22.cpp; sourceTree = "<group>"; };
		6A487606239E5DAE00EA0245 /* Solution22.hpp */ = {isa = PBXFileReference; lastKnownFileType = sourcecode.cpp.h; path = Solution22.hpp; sourceTree = "<group>"; };
		6A487608239FB97C00EA0245 /* Solution56.cpp */ = {isa = PBXFileReference; lastKnownFileType = sourcecode.cpp.cpp; path = Solution56.cpp; sourceTree = "<group>"; };
		6A487609239FB97C00EA0245 /* Solution56.hpp */ = {isa = PBXFileReference; lastKnownFileType = sourcecode.cpp.h; path = Solution56.hpp; sourceTree = "<group>"; };
		6A48760B239FC0C500EA0245 /* Solution10.cpp */ = {isa = PBXFileReference; lastKnownFileType = sourcecode.cpp.cpp; path = Solution10.cpp; sourceTree = "<group>"; };
		6A48760C239FC0C500EA0245 /* Solution10.hpp */ = {isa = PBXFileReference; lastKnownFileType = sourcecode.cpp.h; path = Solution10.hpp; sourceTree = "<group>"; };
		6A494DA2253AB0DB00B8D30A /* Solution34.cpp */ = {isa = PBXFileReference; lastKnownFileType = sourcecode.cpp.cpp; path = Solution34.cpp; sourceTree = "<group>"; };
		6A494DA3253AB0DB00B8D30A /* Solution34.hpp */ = {isa = PBXFileReference; lastKnownFileType = sourcecode.cpp.h; path = Solution34.hpp; sourceTree = "<group>"; };
		6A494DA5253AC10D00B8D30A /* Solution36.cpp */ = {isa = PBXFileReference; lastKnownFileType = sourcecode.cpp.cpp; path = Solution36.cpp; sourceTree = "<group>"; };
		6A494DA6253AC10D00B8D30A /* Solution36.hpp */ = {isa = PBXFileReference; lastKnownFileType = sourcecode.cpp.h; path = Solution36.hpp; sourceTree = "<group>"; };
		6A494DA8253AD83700B8D30A /* Solution38.cpp */ = {isa = PBXFileReference; lastKnownFileType = sourcecode.cpp.cpp; path = Solution38.cpp; sourceTree = "<group>"; };
		6A494DA9253AD83700B8D30A /* Solution38.hpp */ = {isa = PBXFileReference; lastKnownFileType = sourcecode.cpp.h; path = Solution38.hpp; sourceTree = "<group>"; };
		6A5837EC25A16C1100ADBF92 /* Solution136.cpp */ = {isa = PBXFileReference; lastKnownFileType = sourcecode.cpp.cpp; path = Solution136.cpp; sourceTree = "<group>"; };
		6A5837ED25A16C1100ADBF92 /* Solution136.hpp */ = {isa = PBXFileReference; lastKnownFileType = sourcecode.cpp.h; path = Solution136.hpp; sourceTree = "<group>"; };
		6A5837F025A1F7F000ADBF92 /* Solution45.cpp */ = {isa = PBXFileReference; lastKnownFileType = sourcecode.cpp.cpp; path = Solution45.cpp; sourceTree = "<group>"; };
		6A5837F125A1F7F000ADBF92 /* Solution45.hpp */ = {isa = PBXFileReference; lastKnownFileType = sourcecode.cpp.h; path = Solution45.hpp; sourceTree = "<group>"; };
		6A838D1525567F0E0067788D /* Solution76.cpp */ = {isa = PBXFileReference; lastKnownFileType = sourcecode.cpp.cpp; path = Solution76.cpp; sourceTree = "<group>"; };
		6A838D1625567F0E0067788D /* Solution76.hpp */ = {isa = PBXFileReference; lastKnownFileType = sourcecode.cpp.h; path = Solution76.hpp; sourceTree = "<group>"; };
		6A838D192556A0270067788D /* Solution78.cpp */ = {isa = PBXFileReference; lastKnownFileType = sourcecode.cpp.cpp; path = Solution78.cpp; sourceTree = "<group>"; };
		6A838D1A2556A0270067788D /* Solution78.hpp */ = {isa = PBXFileReference; lastKnownFileType = sourcecode.cpp.h; path = Solution78.hpp; sourceTree = "<group>"; };
		6A838D1D2556D2170067788D /* Solution79.cpp */ = {isa = PBXFileReference; lastKnownFileType = sourcecode.cpp.cpp; path = Solution79.cpp; sourceTree = "<group>"; };
		6A838D1E2556D2170067788D /* Solution79.hpp */ = {isa = PBXFileReference; lastKnownFileType = sourcecode.cpp.h; path = Solution79.hpp; sourceTree = "<group>"; };
		6A887FF524DC3D4A008B8F70 /* Solution55.cpp */ = {isa = PBXFileReference; lastKnownFileType = sourcecode.cpp.cpp; path = Solution55.cpp; sourceTree = "<group>"; };
		6A887FF624DC3D4A008B8F70 /* Solution55.hpp */ = {isa = PBXFileReference; lastKnownFileType = sourcecode.cpp.h; path = Solution55.hpp; sourceTree = "<group>"; };
		6A9041062532D1450062B8F6 /* Solution15.cpp */ = {isa = PBXFileReference; lastKnownFileType = sourcecode.cpp.cpp; path = Solution15.cpp; sourceTree = "<group>"; };
		6A9041072532D1450062B8F6 /* Solution15.hpp */ = {isa = PBXFileReference; lastKnownFileType = sourcecode.cpp.h; path = Solution15.hpp; sourceTree = "<group>"; };
		6A9041092532DA6A0062B8F6 /* Solution13.cpp */ = {isa = PBXFileReference; lastKnownFileType = sourcecode.cpp.cpp; path = Solution13.cpp; sourceTree = "<group>"; };
		6A90410A2532DA6A0062B8F6 /* Solution13.hpp */ = {isa = PBXFileReference; lastKnownFileType = sourcecode.cpp.h; path = Solution13.hpp; sourceTree = "<group>"; };
		6A90410C2532E5ED0062B8F6 /* Solution19.cpp */ = {isa = PBXFileReference; lastKnownFileType = sourcecode.cpp.cpp; path = Solution19.cpp; sourceTree = "<group>"; };
		6A90410D2532E5ED0062B8F6 /* Solution19.hpp */ = {isa = PBXFileReference; lastKnownFileType = sourcecode.cpp.h; path = Solution19.hpp; sourceTree = "<group>"; };
		6A90410F2532FAA40062B8F6 /* Solution21.cpp */ = {isa = PBXFileReference; lastKnownFileType = sourcecode.cpp.cpp; path = Solution21.cpp; sourceTree = "<group>"; };
		6A9041102532FAA40062B8F6 /* Solution21.hpp */ = {isa = PBXFileReference; lastKnownFileType = sourcecode.cpp.h; path = Solution21.hpp; sourceTree = "<group>"; };
		6A90411225348F7E0062B8F6 /* Solution23.cpp */ = {isa = PBXFileReference; lastKnownFileType = sourcecode.cpp.cpp; path = Solution23.cpp; sourceTree = "<group>"; };
		6A90411325348F7E0062B8F6 /* Solution23.hpp */ = {isa = PBXFileReference; lastKnownFileType = sourcecode.cpp.h; path = Solution23.hpp; sourceTree = "<group>"; };
		6A9107FE25456F8B00E9FA48 /* Solution44.cpp */ = {isa = PBXFileReference; lastKnownFileType = sourcecode.cpp.cpp; path = Solution44.cpp; sourceTree = "<group>"; };
		6A9107FF25456F8B00E9FA48 /* Solution44.hpp */ = {isa = PBXFileReference; lastKnownFileType = sourcecode.cpp.h; path = Solution44.hpp; sourceTree = "<group>"; };
		6A910825254E883400E9FA48 /* Solution42.cpp */ = {isa = PBXFileReference; lastKnownFileType = sourcecode.cpp.cpp; path = Solution42.cpp; sourceTree = "<group>"; };
		6A910826254E883400E9FA48 /* Solution42.hpp */ = {isa = PBXFileReference; lastKnownFileType = sourcecode.cpp.h; path = Solution42.hpp; sourceTree = "<group>"; };
		6A9440D923ADB8B20048F06E /* Solution141.cpp */ = {isa = PBXFileReference; lastKnownFileType = sourcecode.cpp.cpp; path = Solution141.cpp; sourceTree = "<group>"; };
		6A9440DA23ADB8B20048F06E /* Solution141.hpp */ = {isa = PBXFileReference; lastKnownFileType = sourcecode.cpp.h; path = Solution141.hpp; sourceTree = "<group>"; };
		6A9440DC23ADBBC00048F06E /* Solution142.cpp */ = {isa = PBXFileReference; lastKnownFileType = sourcecode.cpp.cpp; path = Solution142.cpp; sourceTree = "<group>"; };
		6A9440DD23ADBBC00048F06E /* Solution142.hpp */ = {isa = PBXFileReference; lastKnownFileType = sourcecode.cpp.h; path = Solution142.hpp; sourceTree = "<group>"; };
		6A9440DF23AE327F0048F06E /* Solution160.cpp */ = {isa = PBXFileReference; lastKnownFileType = sourcecode.cpp.cpp; path = Solution160.cpp; sourceTree = "<group>"; };
		6A9440E023AE327F0048F06E /* Solution160.hpp */ = {isa = PBXFileReference; lastKnownFileType = sourcecode.cpp.h; path = Solution160.hpp; sourceTree = "<group>"; };
		6A9440E223AE475E0048F06E /* Solution144.cpp */ = {isa = PBXFileReference; lastKnownFileType = sourcecode.cpp.cpp; path = Solution144.cpp; sourceTree = "<group>"; };
		6A9440E323AE475E0048F06E /* Solution144.hpp */ = {isa = PBXFileReference; lastKnownFileType = sourcecode.cpp.h; path = Solution144.hpp; sourceTree = "<group>"; };
		6A9440E523AE4C890048F06E /* Solution94.cpp */ = {isa = PBXFileReference; lastKnownFileType = sourcecode.cpp.cpp; path = Solution94.cpp; sourceTree = "<group>"; };
		6A9440E623AE4C890048F06E /* Solution94.hpp */ = {isa = PBXFileReference; lastKnownFileType = sourcecode.cpp.h; path = Solution94.hpp; sourceTree = "<group>"; };
		6A9440E823AE4E940048F06E /* Solution145.cpp */ = {isa = PBXFileReference; lastKnownFileType = sourcecode.cpp.cpp; path = Solution145.cpp; sourceTree = "<group>"; };
		6A9440E923AE4E940048F06E /* Solution145.hpp */ = {isa = PBXFileReference; lastKnownFileType = sourcecode.cpp.h; path = Solution145.hpp; sourceTree = "<group>"; };
		6A9440EB23B0D8E30048F06E /* Solution102.cpp */ = {isa = PBXFileReference; lastKnownFileType = sourcecode.cpp.cpp; path = Solution102.cpp; sourceTree = "<group>"; };
		6A9440EC23B0D8E30048F06E /* Solution102.hpp */ = {isa = PBXFileReference; lastKnownFileType = sourcecode.cpp.h; path = Solution102.hpp; sourceTree = "<group>"; };
		6A9440EE23B0E7B00048F06E /* Solution5.cpp */ = {isa = PBXFileReference; lastKnownFileType = sourcecode.cpp.cpp; path = Solution5.cpp; sourceTree = "<group>"; };
		6A9440EF23B0E7B00048F06E /* Solution5.hpp */ = {isa = PBXFileReference; lastKnownFileType = sourcecode.cpp.h; path = Solution5.hpp; sourceTree = "<group>"; };
		6A9440F123B4E9070048F06E /* Solution98.cpp */ = {isa = PBXFileReference; lastKnownFileType = sourcecode.cpp.cpp; path = Solution98.cpp; sourceTree = "<group>"; };
		6A9440F223B4E9070048F06E /* Solution98.hpp */ = {isa = PBXFileReference; lastKnownFileType = sourcecode.cpp.h; path = Solution98.hpp; sourceTree = "<group>"; };
		6A9440F423B85B8B0048F06E /* Solution101.cpp */ = {isa = PBXFileReference; lastKnownFileType = sourcecode.cpp.cpp; path = Solution101.cpp; sourceTree = "<group>"; };
		6A9440F523B85B8B0048F06E /* Solution101.hpp */ = {isa = PBXFileReference; lastKnownFileType = sourcecode.cpp.h; path = Solution101.hpp; sourceTree = "<group>"; };
		6A9440F723B8612D0048F06E /* Solution2.cpp */ = {isa = PBXFileReference; lastKnownFileType = sourcecode.cpp.cpp; path = Solution2.cpp; sourceTree = "<group>"; };
		6A9440F823B8612D0048F06E /* Solution2.hpp */ = {isa = PBXFileReference; lastKnownFileType = sourcecode.cpp.h; path = Solution2.hpp; sourceTree = "<group>"; };
		6A9440FA23C0C1050048F06E /* Solution7.cpp */ = {isa = PBXFileReference; lastKnownFileType = sourcecode.cpp.cpp; path = Solution7.cpp; sourceTree = "<group>"; };
		6A9440FB23C0C1050048F06E /* Solution7.hpp */ = {isa = PBXFileReference; lastKnownFileType = sourcecode.cpp.h; path = Solution7.hpp; sourceTree = "<group>"; };
		6A9440FD23C18AC30048F06E /* Solution6.cpp */ = {isa = PBXFileReference; lastKnownFileType = sourcecode.cpp.cpp; path = Solution6.cpp; sourceTree = "<group>"; };
		6A9440FE23C18AC30048F06E /* Solution6.hpp */ = {isa = PBXFileReference; lastKnownFileType = sourcecode.cpp.h; path = Solution6.hpp; sourceTree = "<group>"; };
		6A94410023C197080048F06E /* Solution9.cpp */ = {isa = PBXFileReference; lastKnownFileType = sourcecode.cpp.cpp; path = Solution9.cpp; sourceTree = "<group>"; };
		6A94410123C197080048F06E /* Solution9.hpp */ = {isa = PBXFileReference; lastKnownFileType = sourcecode.cpp.h; path = Solution9.hpp; sourceTree = "<group>"; };
		6A94410323C1C2020048F06E /* Solution3.cpp */ = {isa = PBXFileReference; lastKnownFileType = sourcecode.cpp.cpp; path = Solution3.cpp; sourceTree = "<group>"; };
		6A94410423C1C2020048F06E /* Solution3.hpp */ = {isa = PBXFileReference; lastKnownFileType = sourcecode.cpp.h; path = Solution3.hpp; sourceTree = "<group>"; };
		6A94410623C1CCE50048F06E /* Solution14.cpp */ = {isa = PBXFileReference; lastKnownFileType = sourcecode.cpp.cpp; path = Solution14.cpp; sourceTree = "<group>"; };
		6A94410723C1CCE50048F06E /* Solution14.hpp */ = {isa = PBXFileReference; lastKnownFileType = sourcecode.cpp.h; path = Solution14.hpp; sourceTree = "<group>"; };
		6A94410923C36A800048F06E /* Solution11.cpp */ = {isa = PBXFileReference; lastKnownFileType = sourcecode.cpp.cpp; path = Solution11.cpp; sourceTree = "<group>"; };
		6A94410A23C36A800048F06E /* Solution11.hpp */ = {isa = PBXFileReference; lastKnownFileType = sourcecode.cpp.h; path = Solution11.hpp; sourceTree = "<group>"; };
		6A96408424DEB76F004A6CC8 /* Solution20.cpp */ = {isa = PBXFileReference; lastKnownFileType = sourcecode.cpp.cpp; path = Solution20.cpp; sourceTree = "<group>"; };
		6A96408524DEB76F004A6CC8 /* Solution20.hpp */ = {isa = PBXFileReference; lastKnownFileType = sourcecode.cpp.h; path = Solution20.hpp; sourceTree = "<group>"; };
		6A96408724DFB631004A6CC8 /* Solution1298.cpp */ = {isa = PBXFileReference; lastKnownFileType = sourcecode.cpp.cpp; path = Solution1298.cpp; sourceTree = "<group>"; };
		6A96408824DFB631004A6CC8 /* Solution1298.hpp */ = {isa = PBXFileReference; lastKnownFileType = sourcecode.cpp.h; path = Solution1298.hpp; sourceTree = "<group>"; };
		6AA7D9FB2585D45E001C0A8E /* Solution460.cpp */ = {isa = PBXFileReference; lastKnownFileType = sourcecode.cpp.cpp; path = Solution460.cpp; sourceTree = "<group>"; };
		6AA7D9FC2585D45E001C0A8E /* Solution460.hpp */ = {isa = PBXFileReference; lastKnownFileType = sourcecode.cpp.h; path = Solution460.hpp; sourceTree = "<group>"; };
		6AA7D9FF25860B3E001C0A8E /* Solution118.cpp */ = {isa = PBXFileReference; lastKnownFileType = sourcecode.cpp.cpp; path = Solution118.cpp; sourceTree = "<group>"; };
		6AA7DA0025860B3E001C0A8E /* Solution118.hpp */ = {isa = PBXFileReference; lastKnownFileType = sourcecode.cpp.h; path = Solution118.hpp; sourceTree = "<group>"; };
		6AA7DA0325860EDF001C0A8E /* Solution124.cpp */ = {isa = PBXFileReference; lastKnownFileType = sourcecode.cpp.cpp; path = Solution124.cpp; sourceTree = "<group>"; };
		6AA7DA0425860EDF001C0A8E /* Solution124.hpp */ = {isa = PBXFileReference; lastKnownFileType = sourcecode.cpp.h; path = Solution124.hpp; sourceTree = "<group>"; };
		6AA7DA07258619E5001C0A8E /* Solution125.cpp */ = {isa = PBXFileReference; lastKnownFileType = sourcecode.cpp.cpp; path = Solution125.cpp; sourceTree = "<group>"; };
		6AA7DA08258619E5001C0A8E /* Solution125.hpp */ = {isa = PBXFileReference; lastKnownFileType = sourcecode.cpp.h; path = Solution125.hpp; sourceTree = "<group>"; };
		6AA7DA12258E410E001C0A8E /* Solution127.cpp */ = {isa = PBXFileReference; lastKnownFileType = sourcecode.cpp.cpp; path = Solution127.cpp; sourceTree = "<group>"; };
		6AA7DA13258E410E001C0A8E /* Solution127.hpp */ = {isa = PBXFileReference; lastKnownFileType = sourcecode.cpp.h; path = Solution127.hpp; sourceTree = "<group>"; };
		6AA7DA16258E615F001C0A8E /* Solution128.cpp */ = {isa = PBXFileReference; lastKnownFileType = sourcecode.cpp.cpp; path = Solution128.cpp; sourceTree = "<group>"; };
		6AA7DA17258E615F001C0A8E /* Solution128.hpp */ = {isa = PBXFileReference; lastKnownFileType = sourcecode.cpp.h; path = Solution128.hpp; sourceTree = "<group>"; };
		6AA7DA1A258F4C30001C0A8E /* Solution130.cpp */ = {isa = PBXFileReference; lastKnownFileType = sourcecode.cpp.cpp; path = Solution130.cpp; sourceTree = "<group>"; };
		6AA7DA1B258F4C30001C0A8E /* Solution130.hpp */ = {isa = PBXFileReference; lastKnownFileType = sourcecode.cpp.h; path = Solution130.hpp; sourceTree = "<group>"; };
		6AB7D368254E9CEE00915975 /* Solution54.cpp */ = {isa = PBXFileReference; lastKnownFileType = sourcecode.cpp.cpp; path = Solution54.cpp; sourceTree = "<group>"; };
		6AB7D369254E9CEE00915975 /* Solution54.hpp */ = {isa = PBXFileReference; lastKnownFileType = sourcecode.cpp.h; path = Solution54.hpp; sourceTree = "<group>"; };
		6AB7D36C254EAAE900915975 /* Solution66.cpp */ = {isa = PBXFileReference; lastKnownFileType = sourcecode.cpp.cpp; path = Solution66.cpp; sourceTree = "<group>"; };
		6AB7D36D254EAAE900915975 /* Solution66.hpp */ = {isa = PBXFileReference; lastKnownFileType = sourcecode.cpp.h; path = Solution66.hpp; sourceTree = "<group>"; };
		6AB7D370254EAEC200915975 /* Solution69.cpp */ = {isa = PBXFileReference; lastKnownFileType = sourcecode.cpp.cpp; path = Solution69.cpp; sourceTree = "<group>"; };
		6AB7D371254EAEC200915975 /* Solution69.hpp */ = {isa = PBXFileReference; lastKnownFileType = sourcecode.cpp.h; path = Solution69.hpp; sourceTree = "<group>"; };
		6AB7D374254EB59A00915975 /* Solution70.cpp */ = {isa = PBXFileReference; lastKnownFileType = sourcecode.cpp.cpp; path = Solution70.cpp; sourceTree = "<group>"; };
		6AB7D375254EB59A00915975 /* Solution70.hpp */ = {isa = PBXFileReference; lastKnownFileType = sourcecode.cpp.h; path = Solution70.hpp; sourceTree = "<group>"; };
		6AB7D378254EB92F00915975 /* Solution73.cpp */ = {isa = PBXFileReference; lastKnownFileType = sourcecode.cpp.cpp; path = Solution73.cpp; sourceTree = "<group>"; };
		6AB7D379254EB92F00915975 /* Solution73.hpp */ = {isa = PBXFileReference; lastKnownFileType = sourcecode.cpp.h; path = Solution73.hpp; sourceTree = "<group>"; };
		6AB7D37C254EBCFC00915975 /* Solution75.cpp */ = {isa = PBXFileReference; lastKnownFileType = sourcecode.cpp.cpp; path = Solution75.cpp; sourceTree = "<group>"; };
		6AB7D37D254EBCFC00915975 /* Solution75.hpp */ = {isa = PBXFileReference; lastKnownFileType = sourcecode.cpp.h; path = Solution75.hpp; sourceTree = "<group>"; };
		6AC1FED02557D4DE001DD517 /* Solution84.cpp */ = {isa = PBXFileReference; lastKnownFileType = sourcecode.cpp.cpp; path = Solution84.cpp; sourceTree = "<group>"; };
		6AC1FED12557D4DE001DD517 /* Solution84.hpp */ = {isa = PBXFileReference; lastKnownFileType = sourcecode.cpp.h; path = Solution84.hpp; sourceTree = "<group>"; };
		6AC1FED4255838FD001DD517 /* Solution88.cpp */ = {isa = PBXFileReference; lastKnownFileType = sourcecode.cpp.cpp; path = Solution88.cpp; sourceTree = "<group>"; };
		6AC1FED5255838FD001DD517 /* Solution88.hpp */ = {isa = PBXFileReference; lastKnownFileType = sourcecode.cpp.h; path = Solution88.hpp; sourceTree = "<group>"; };
		6AC1FED8255980DA001DD517 /* Solution91.cpp */ = {isa = PBXFileReference; lastKnownFileType = sourcecode.cpp.cpp; path = Solution91.cpp; sourceTree = "<group>"; };
		6AC1FED9255980DA001DD517 /* Solution91.hpp */ = {isa = PBXFileReference; lastKnownFileType = sourcecode.cpp.h; path = Solution91.hpp; sourceTree = "<group>"; };
		6ADB68A4258DE7EA0096BB8A /* Solution208.cpp */ = {isa = PBXFileReference; lastKnownFileType = sourcecode.cpp.cpp; path = Solution208.cpp; sourceTree = "<group>"; };
		6ADB68A5258DE7EA0096BB8A /* Solution208.hpp */ = {isa = PBXFileReference; lastKnownFileType = sourcecode.cpp.h; path = Solution208.hpp; sourceTree = "<group>"; };
/* End PBXFileReference section */

/* Begin PBXFrameworksBuildPhase section */
		6A4875D6238A050C00EA0245 /* Frameworks */ = {
			isa = PBXFrameworksBuildPhase;
			buildActionMask = 2147483647;
			files = (
			);
			runOnlyForDeploymentPostprocessing = 0;
		};
/* End PBXFrameworksBuildPhase section */

/* Begin PBXGroup section */
		6A4875D0238A050C00EA0245 = {
			isa = PBXGroup;
			children = (
				6A4875DB238A050C00EA0245 /* Algorithm */,
				6A4875DA238A050C00EA0245 /* Products */,
			);
			sourceTree = "<group>";
		};
		6A4875DA238A050C00EA0245 /* Products */ = {
			isa = PBXGroup;
			children = (
				6A4875D9238A050C00EA0245 /* Algorithm */,
			);
			name = Products;
			sourceTree = "<group>";
		};
		6A4875DB238A050C00EA0245 /* Algorithm */ = {
			isa = PBXGroup;
			children = (
				6A4875DC238A050C00EA0245 /* main.cpp */,
				6A5837F025A1F7F000ADBF92 /* Solution45.cpp */,
				6A5837F125A1F7F000ADBF92 /* Solution45.hpp */,
				6A5837EC25A16C1100ADBF92 /* Solution136.cpp */,
				6A5837ED25A16C1100ADBF92 /* Solution136.hpp */,
				6AA7DA1A258F4C30001C0A8E /* Solution130.cpp */,
				6AA7DA1B258F4C30001C0A8E /* Solution130.hpp */,
				6AA7DA16258E615F001C0A8E /* Solution128.cpp */,
				6AA7DA17258E615F001C0A8E /* Solution128.hpp */,
				6AA7DA12258E410E001C0A8E /* Solution127.cpp */,
				6AA7DA13258E410E001C0A8E /* Solution127.hpp */,
				6ADB68A4258DE7EA0096BB8A /* Solution208.cpp */,
				6ADB68A5258DE7EA0096BB8A /* Solution208.hpp */,
				6AA7DA07258619E5001C0A8E /* Solution125.cpp */,
				6AA7DA08258619E5001C0A8E /* Solution125.hpp */,
				6AA7DA0325860EDF001C0A8E /* Solution124.cpp */,
				6AA7DA0425860EDF001C0A8E /* Solution124.hpp */,
				6AA7D9FF25860B3E001C0A8E /* Solution118.cpp */,
				6AA7DA0025860B3E001C0A8E /* Solution118.hpp */,
				6AA7D9FB2585D45E001C0A8E /* Solution460.cpp */,
				6AA7D9FC2585D45E001C0A8E /* Solution460.hpp */,
				6A484CFE257FCBB500A93D0F /* Solution146.cpp */,
				6A484CFF257FCBB500A93D0F /* Solution146.hpp */,
				6A484CFA257CD8C300A93D0F /* Solution116.cpp */,
				6A484CFB257CD8C300A93D0F /* Solution116.hpp */,
				6A484CF6257CD41900A93D0F /* Solution108.cpp */,
				6A484CF7257CD41900A93D0F /* Solution108.hpp */,
				6A484CF2257CB93B00A93D0F /* Solution105.cpp */,
				6A484CF3257CB93B00A93D0F /* Solution105.hpp */,
				6A484CEE257CA79A00A93D0F /* Solution104.cpp */,
				6A484CEF257CA79A00A93D0F /* Solution104.hpp */,
				6A1EB24D25611AB40068529C /* Solution52.cpp */,
				6A1EB24E25611AB40068529C /* Solution52.hpp */,
				6A1EB24925610C4A0068529C /* Solution51.cpp */,
				6A1EB24A25610C4A0068529C /* Solution51.hpp */,
				6A1EB245256106590068529C /* Solution103.cpp */,
				6A1EB246256106590068529C /* Solution103.hpp */,
				6AC1FED8255980DA001DD517 /* Solution91.cpp */,
				6AC1FED9255980DA001DD517 /* Solution91.hpp */,
				6AC1FED4255838FD001DD517 /* Solution88.cpp */,
				6AC1FED5255838FD001DD517 /* Solution88.hpp */,
				6AC1FED02557D4DE001DD517 /* Solution84.cpp */,
				6AC1FED12557D4DE001DD517 /* Solution84.hpp */,
				6A838D1D2556D2170067788D /* Solution79.cpp */,
				6A838D1E2556D2170067788D /* Solution79.hpp */,
				6A838D192556A0270067788D /* Solution78.cpp */,
				6A838D1A2556A0270067788D /* Solution78.hpp */,
				6A838D1525567F0E0067788D /* Solution76.cpp */,
				6A838D1625567F0E0067788D /* Solution76.hpp */,
				6AB7D37C254EBCFC00915975 /* Solution75.cpp */,
				6AB7D37D254EBCFC00915975 /* Solution75.hpp */,
				6AB7D378254EB92F00915975 /* Solution73.cpp */,
				6AB7D379254EB92F00915975 /* Solution73.hpp */,
				6AB7D374254EB59A00915975 /* Solution70.cpp */,
				6AB7D375254EB59A00915975 /* Solution70.hpp */,
				6AB7D370254EAEC200915975 /* Solution69.cpp */,
				6AB7D371254EAEC200915975 /* Solution69.hpp */,
				6AB7D36C254EAAE900915975 /* Solution66.cpp */,
				6AB7D36D254EAAE900915975 /* Solution66.hpp */,
				6AB7D368254E9CEE00915975 /* Solution54.cpp */,
				6AB7D369254E9CEE00915975 /* Solution54.hpp */,
				6A910825254E883400E9FA48 /* Solution42.cpp */,
				6A910826254E883400E9FA48 /* Solution42.hpp */,
				6A9107FE25456F8B00E9FA48 /* Solution44.cpp */,
				6A9107FF25456F8B00E9FA48 /* Solution44.hpp */,
				6A35AD07254566D60019CDB3 /* Solution49.cpp */,
				6A35AD08254566D60019CDB3 /* Solution49.hpp */,
				6A35AD03254558380019CDB3 /* Solution48.cpp */,
				6A35AD04254558380019CDB3 /* Solution48.hpp */,
				6A35ACFF254548320019CDB3 /* Solution50.cpp */,
				6A35AD00254548320019CDB3 /* Solution50.hpp */,
				6A09EF82253C7CDA0001B56A /* Solution53.cpp */,
				6A09EF83253C7CDA0001B56A /* Solution53.hpp */,
				6A09EF7E253C3ADE0001B56A /* Solution41.cpp */,
				6A09EF7F253C3ADE0001B56A /* Solution41.hpp */,
				6A494DA8253AD83700B8D30A /* Solution38.cpp */,
				6A494DA9253AD83700B8D30A /* Solution38.hpp */,
				6A494DA5253AC10D00B8D30A /* Solution36.cpp */,
				6A494DA6253AC10D00B8D30A /* Solution36.hpp */,
				6A494DA2253AB0DB00B8D30A /* Solution34.cpp */,
				6A494DA3253AB0DB00B8D30A /* Solution34.hpp */,
				6A90410F2532FAA40062B8F6 /* Solution21.cpp */,
				6A9041102532FAA40062B8F6 /* Solution21.hpp */,
				6A90411225348F7E0062B8F6 /* Solution23.cpp */,
				6A90411325348F7E0062B8F6 /* Solution23.hpp */,
				6A0E40B52537567400A1F798 /* Solution33.cpp */,
				6A0E40B62537567400A1F798 /* Solution33.hpp */,
				6A96408424DEB76F004A6CC8 /* Solution20.cpp */,
				6A96408524DEB76F004A6CC8 /* Solution20.hpp */,
				6A96408724DFB631004A6CC8 /* Solution1298.cpp */,
				6A96408824DFB631004A6CC8 /* Solution1298.hpp */,
				6A9041062532D1450062B8F6 /* Solution15.cpp */,
				6A9041072532D1450062B8F6 /* Solution15.hpp */,
				6A9041092532DA6A0062B8F6 /* Solution13.cpp */,
				6A90410A2532DA6A0062B8F6 /* Solution13.hpp */,
				6A90410C2532E5ED0062B8F6 /* Solution19.cpp */,
				6A90410D2532E5ED0062B8F6 /* Solution19.hpp */,
				6A887FF524DC3D4A008B8F70 /* Solution55.cpp */,
				6A887FF624DC3D4A008B8F70 /* Solution55.hpp */,
				6A40C12A24D98329008D0BD5 /* Solution1202.cpp */,
				6A40C12B24D9832A008D0BD5 /* Solution1202.hpp */,
				6A94410923C36A800048F06E /* Solution11.cpp */,
				6A94410A23C36A800048F06E /* Solution11.hpp */,
				6A94410623C1CCE50048F06E /* Solution14.cpp */,
				6A94410723C1CCE50048F06E /* Solution14.hpp */,
				6A94410023C197080048F06E /* Solution9.cpp */,
				6A94410123C197080048F06E /* Solution9.hpp */,
				6A94410323C1C2020048F06E /* Solution3.cpp */,
				6A94410423C1C2020048F06E /* Solution3.hpp */,
				6A9440FD23C18AC30048F06E /* Solution6.cpp */,
				6A9440FE23C18AC30048F06E /* Solution6.hpp */,
				6A9440FA23C0C1050048F06E /* Solution7.cpp */,
				6A9440FB23C0C1050048F06E /* Solution7.hpp */,
				6A9440F423B85B8B0048F06E /* Solution101.cpp */,
				6A9440F523B85B8B0048F06E /* Solution101.hpp */,
				6A9440F723B8612D0048F06E /* Solution2.cpp */,
				6A9440F823B8612D0048F06E /* Solution2.hpp */,
				6A9440F123B4E9070048F06E /* Solution98.cpp */,
				6A9440F223B4E9070048F06E /* Solution98.hpp */,
				6A9440EE23B0E7B00048F06E /* Solution5.cpp */,
				6A9440EF23B0E7B00048F06E /* Solution5.hpp */,
				6A9440EB23B0D8E30048F06E /* Solution102.cpp */,
				6A9440EC23B0D8E30048F06E /* Solution102.hpp */,
				6A9440E823AE4E940048F06E /* Solution145.cpp */,
				6A9440E923AE4E940048F06E /* Solution145.hpp */,
				6A9440E523AE4C890048F06E /* Solution94.cpp */,
				6A9440E623AE4C890048F06E /* Solution94.hpp */,
				6A9440DF23AE327F0048F06E /* Solution160.cpp */,
				6A9440E023AE327F0048F06E /* Solution160.hpp */,
				6A9440E223AE475E0048F06E /* Solution144.cpp */,
				6A9440E323AE475E0048F06E /* Solution144.hpp */,
				6A9440D923ADB8B20048F06E /* Solution141.cpp */,
				6A9440DA23ADB8B20048F06E /* Solution141.hpp */,
				6A9440DC23ADBBC00048F06E /* Solution142.cpp */,
				6A9440DD23ADBBC00048F06E /* Solution142.hpp */,
				6A48760B239FC0C500EA0245 /* Solution10.cpp */,
				6A48760C239FC0C500EA0245 /* Solution10.hpp */,
				6A487608239FB97C00EA0245 /* Solution56.cpp */,
				6A487606239E5DAE00EA0245 /* Solution22.hpp */,
				6A487609239FB97C00EA0245 /* Solution56.hpp */,
				6A487605239E5DAE00EA0245 /* Solution22.cpp */,
				6A4875E9238D425B00EA0245 /* Solution29.cpp */,
				6A4875EA238D425B00EA0245 /* Solution29.hpp */,
				6A4875EC23968F4600EA0245 /* Solution17.cpp */,
				6A4875ED23968F4600EA0245 /* Solution17.hpp */,
				6A4875E6238AB91C00EA0245 /* Solution26.cpp */,
				6A4875E7238AB91C00EA0245 /* Solution26.hpp */,
				6A4875E3238A951900EA0245 /* Solution4.cpp */,
				6A4875E4238A951900EA0245 /* Solution4.hpp */,
			);
			path = Algorithm;
			sourceTree = "<group>";
		};
/* End PBXGroup section */

/* Begin PBXNativeTarget section */
		6A4875D8238A050C00EA0245 /* Algorithm */ = {
			isa = PBXNativeTarget;
			buildConfigurationList = 6A4875E0238A050C00EA0245 /* Build configuration list for PBXNativeTarget "Algorithm" */;
			buildPhases = (
				6A4875D5238A050C00EA0245 /* Sources */,
				6A4875D6238A050C00EA0245 /* Frameworks */,
				6A4875D7238A050C00EA0245 /* CopyFiles */,
			);
			buildRules = (
			);
			dependencies = (
			);
			name = Algorithm;
			productName = Algorithm;
			productReference = 6A4875D9238A050C00EA0245 /* Algorithm */;
			productType = "com.apple.product-type.tool";
		};
/* End PBXNativeTarget section */

/* Begin PBXProject section */
		6A4875D1238A050C00EA0245 /* Project object */ = {
			isa = PBXProject;
			attributes = {
				LastUpgradeCheck = 1210;
				ORGANIZATIONNAME = Pancf;
				TargetAttributes = {
					6A4875D8238A050C00EA0245 = {
						CreatedOnToolsVersion = 11.2.1;
					};
				};
			};
			buildConfigurationList = 6A4875D4238A050C00EA0245 /* Build configuration list for PBXProject "Algorithm" */;
			compatibilityVersion = "Xcode 9.3";
			developmentRegion = en;
			hasScannedForEncodings = 0;
			knownRegions = (
				en,
				Base,
			);
			mainGroup = 6A4875D0238A050C00EA0245;
			productRefGroup = 6A4875DA238A050C00EA0245 /* Products */;
			projectDirPath = "";
			projectRoot = "";
			targets = (
				6A4875D8238A050C00EA0245 /* Algorithm */,
			);
		};
/* End PBXProject section */

/* Begin PBXSourcesBuildPhase section */
		6A4875D5238A050C00EA0245 /* Sources */ = {
			isa = PBXSourcesBuildPhase;
			buildActionMask = 2147483647;
			files = (
				6A0E40B72537567400A1F798 /* Solution33.cpp in Sources */,
				6A94410223C197080048F06E /* Solution9.cpp in Sources */,
				6A484D00257FCBB500A93D0F /* Solution146.cpp in Sources */,
				6A35AD05254558380019CDB3 /* Solution48.cpp in Sources */,
				6A90411425348F7E0062B8F6 /* Solution23.cpp in Sources */,
				6A90410B2532DA6A0062B8F6 /* Solution13.cpp in Sources */,
				6A484CF0257CA79A00A93D0F /* Solution104.cpp in Sources */,
				6AA7D9FD2585D45E001C0A8E /* Solution460.cpp in Sources */,
				6A1EB247256106590068529C /* Solution103.cpp in Sources */,
				6A494DA7253AC10D00B8D30A /* Solution36.cpp in Sources */,
				6A5837EE25A16C1200ADBF92 /* Solution136.cpp in Sources */,
				6A9440FF23C18AC30048F06E /* Solution6.cpp in Sources */,
				6A9440F023B0E7B00048F06E /* Solution5.cpp in Sources */,
				6A4875EE23968F4600EA0245 /* Solution17.cpp in Sources */,
				6A96408924DFB631004A6CC8 /* Solution1298.cpp in Sources */,
				6A90410E2532E5ED0062B8F6 /* Solution19.cpp in Sources */,
				6A9440F923B8612D0048F06E /* Solution2.cpp in Sources */,
				6A1EB24B25610C4A0068529C /* Solution51.cpp in Sources */,
				6A94410B23C36A800048F06E /* Solution11.cpp in Sources */,
				6A1EB24F25611AB40068529C /* Solution52.cpp in Sources */,
				6A494DA4253AB0DB00B8D30A /* Solution34.cpp in Sources */,
				6A9440E123AE327F0048F06E /* Solution160.cpp in Sources */,
				6A9440E423AE475E0048F06E /* Solution144.cpp in Sources */,
				6A91080025456F8B00E9FA48 /* Solution44.cpp in Sources */,
				6A838D1B2556A0270067788D /* Solution78.cpp in Sources */,
				6A494DAA253AD83700B8D30A /* Solution38.cpp in Sources */,
				6A48760D239FC0C500EA0245 /* Solution10.cpp in Sources */,
				6AC1FED6255838FD001DD517 /* Solution88.cpp in Sources */,
				6AA7DA14258E410E001C0A8E /* Solution127.cpp in Sources */,
				6A9440F623B85B8B0048F06E /* Solution101.cpp in Sources */,
				6AB7D37E254EBCFC00915975 /* Solution75.cpp in Sources */,
				6AB7D37A254EB92F00915975 /* Solution73.cpp in Sources */,
				6A94410823C1CCE50048F06E /* Solution14.cpp in Sources */,
				6A5837F225A1F7F000ADBF92 /* Solution45.cpp in Sources */,
				6AA7DA18258E615F001C0A8E /* Solution128.cpp in Sources */,
				6AB7D36E254EAAE900915975 /* Solution66.cpp in Sources */,
				6AA7DA1C258F4C30001C0A8E /* Solution130.cpp in Sources */,
				6A4875DD238A050C00EA0245 /* main.cpp in Sources */,
				6A09EF84253C7CDA0001B56A /* Solution53.cpp in Sources */,
				6A487607239E5DAE00EA0245 /* Solution22.cpp in Sources */,
				6A9041112532FAA40062B8F6 /* Solution21.cpp in Sources */,
				6AA7DA0525860EDF001C0A8E /* Solution124.cpp in Sources */,
				6A94410523C1C2020048F06E /* Solution3.cpp in Sources */,
				6AB7D372254EAEC200915975 /* Solution69.cpp in Sources */,
				6A9440F323B4E9070048F06E /* Solution98.cpp in Sources */,
				6A887FF724DC3D4A008B8F70 /* Solution55.cpp in Sources */,
				6AB7D376254EB59A00915975 /* Solution70.cpp in Sources */,
				6A838D1F2556D2170067788D /* Solution79.cpp in Sources */,
				6A4875E5238A951900EA0245 /* Solution4.cpp in Sources */,
				6A35AD01254548320019CDB3 /* Solution50.cpp in Sources */,
				6A9440DB23ADB8B20048F06E /* Solution141.cpp in Sources */,
				6AB7D36A254E9CEE00915975 /* Solution54.cpp in Sources */,
				6A96408624DEB76F004A6CC8 /* Solution20.cpp in Sources */,
				6AC1FED22557D4DE001DD517 /* Solution84.cpp in Sources */,
				6A9041082532D1450062B8F6 /* Solution15.cpp in Sources */,
				6A9440DE23ADBBC00048F06E /* Solution142.cpp in Sources */,
				6A4875E8238AB91C00EA0245 /* Solution26.cpp in Sources */,
				6A838D1725567F0E0067788D /* Solution76.cpp in Sources */,
				6AA7DA09258619E5001C0A8E /* Solution125.cpp in Sources */,
				6A484CF8257CD41900A93D0F /* Solution108.cpp in Sources */,
				6AA7DA0125860B3E001C0A8E /* Solution118.cpp in Sources */,
				6A910827254E883400E9FA48 /* Solution42.cpp in Sources */,
				6A40C12C24D9832A008D0BD5 /* Solution1202.cpp in Sources */,
				6A484CFC257CD8C300A93D0F /* Solution116.cpp in Sources */,
				6ADB68A6258DE7EA0096BB8A /* Solution208.cpp in Sources */,
				6A4875EB238D425B00EA0245 /* Solution29.cpp in Sources */,
				6A35AD09254566D60019CDB3 /* Solution49.cpp in Sources */,
				6A48760A239FB97C00EA0245 /* Solution56.cpp in Sources */,
				6A9440E723AE4C890048F06E /* Solution94.cpp in Sources */,
				6A9440EA23AE4E940048F06E /* Solution145.cpp in Sources */,
				6A09EF80253C3ADE0001B56A /* Solution41.cpp in Sources */,
				6A9440FC23C0C1050048F06E /* Solution7.cpp in Sources */,
				6A484CF4257CB93B00A93D0F /* Solution105.cpp in Sources */,
				6A9440ED23B0D8E30048F06E /* Solution102.cpp in Sources */,
				6AC1FEDA255980DA001DD517 /* Solution91.cpp in Sources */,
			);
			runOnlyForDeploymentPostprocessing = 0;
		};
/* End PBXSourcesBuildPhase section */

/* Begin XCBuildConfiguration section */
		6A4875DE238A050C00EA0245 /* Debug */ = {
			isa = XCBuildConfiguration;
			buildSettings = {
				ALWAYS_SEARCH_USER_PATHS = NO;
				CLANG_ANALYZER_NONNULL = YES;
				CLANG_ANALYZER_NUMBER_OBJECT_CONVERSION = YES_AGGRESSIVE;
				CLANG_CXX_LANGUAGE_STANDARD = "gnu++14";
				CLANG_CXX_LIBRARY = "libc++";
				CLANG_ENABLE_MODULES = YES;
				CLANG_ENABLE_OBJC_ARC = YES;
				CLANG_ENABLE_OBJC_WEAK = YES;
				CLANG_WARN_BLOCK_CAPTURE_AUTORELEASING = YES;
				CLANG_WARN_BOOL_CONVERSION = YES;
				CLANG_WARN_COMMA = YES;
				CLANG_WARN_CONSTANT_CONVERSION = YES;
				CLANG_WARN_DEPRECATED_OBJC_IMPLEMENTATIONS = YES;
				CLANG_WARN_DIRECT_OBJC_ISA_USAGE = YES_ERROR;
				CLANG_WARN_DOCUMENTATION_COMMENTS = YES;
				CLANG_WARN_EMPTY_BODY = YES;
				CLANG_WARN_ENUM_CONVERSION = YES;
				CLANG_WARN_INFINITE_RECURSION = YES;
				CLANG_WARN_INT_CONVERSION = YES;
				CLANG_WARN_NON_LITERAL_NULL_CONVERSION = YES;
				CLANG_WARN_OBJC_IMPLICIT_RETAIN_SELF = YES;
				CLANG_WARN_OBJC_LITERAL_CONVERSION = YES;
				CLANG_WARN_OBJC_ROOT_CLASS = YES_ERROR;
				CLANG_WARN_QUOTED_INCLUDE_IN_FRAMEWORK_HEADER = YES;
				CLANG_WARN_RANGE_LOOP_ANALYSIS = YES;
				CLANG_WARN_STRICT_PROTOTYPES = YES;
				CLANG_WARN_SUSPICIOUS_MOVE = YES;
				CLANG_WARN_UNGUARDED_AVAILABILITY = YES_AGGRESSIVE;
				CLANG_WARN_UNREACHABLE_CODE = YES;
				CLANG_WARN__DUPLICATE_METHOD_MATCH = YES;
				COPY_PHASE_STRIP = NO;
				DEBUG_INFORMATION_FORMAT = dwarf;
				ENABLE_STRICT_OBJC_MSGSEND = YES;
				ENABLE_TESTABILITY = YES;
				GCC_C_LANGUAGE_STANDARD = gnu11;
				GCC_DYNAMIC_NO_PIC = NO;
				GCC_NO_COMMON_BLOCKS = YES;
				GCC_OPTIMIZATION_LEVEL = 0;
				GCC_PREPROCESSOR_DEFINITIONS = (
					"DEBUG=1",
					"$(inherited)",
				);
				GCC_WARN_64_TO_32_BIT_CONVERSION = YES;
				GCC_WARN_ABOUT_RETURN_TYPE = YES_ERROR;
				GCC_WARN_UNDECLARED_SELECTOR = YES;
				GCC_WARN_UNINITIALIZED_AUTOS = YES_AGGRESSIVE;
				GCC_WARN_UNUSED_FUNCTION = YES;
				GCC_WARN_UNUSED_VARIABLE = YES;
				MACOSX_DEPLOYMENT_TARGET = 10.15;
				MTL_ENABLE_DEBUG_INFO = INCLUDE_SOURCE;
				MTL_FAST_MATH = YES;
				ONLY_ACTIVE_ARCH = YES;
				SDKROOT = macosx;
			};
			name = Debug;
		};
		6A4875DF238A050C00EA0245 /* Release */ = {
			isa = XCBuildConfiguration;
			buildSettings = {
				ALWAYS_SEARCH_USER_PATHS = NO;
				CLANG_ANALYZER_NONNULL = YES;
				CLANG_ANALYZER_NUMBER_OBJECT_CONVERSION = YES_AGGRESSIVE;
				CLANG_CXX_LANGUAGE_STANDARD = "gnu++14";
				CLANG_CXX_LIBRARY = "libc++";
				CLANG_ENABLE_MODULES = YES;
				CLANG_ENABLE_OBJC_ARC = YES;
				CLANG_ENABLE_OBJC_WEAK = YES;
				CLANG_WARN_BLOCK_CAPTURE_AUTORELEASING = YES;
				CLANG_WARN_BOOL_CONVERSION = YES;
				CLANG_WARN_COMMA = YES;
				CLANG_WARN_CONSTANT_CONVERSION = YES;
				CLANG_WARN_DEPRECATED_OBJC_IMPLEMENTATIONS = YES;
				CLANG_WARN_DIRECT_OBJC_ISA_USAGE = YES_ERROR;
				CLANG_WARN_DOCUMENTATION_COMMENTS = YES;
				CLANG_WARN_EMPTY_BODY = YES;
				CLANG_WARN_ENUM_CONVERSION = YES;
				CLANG_WARN_INFINITE_RECURSION = YES;
				CLANG_WARN_INT_CONVERSION = YES;
				CLANG_WARN_NON_LITERAL_NULL_CONVERSION = YES;
				CLANG_WARN_OBJC_IMPLICIT_RETAIN_SELF = YES;
				CLANG_WARN_OBJC_LITERAL_CONVERSION = YES;
				CLANG_WARN_OBJC_ROOT_CLASS = YES_ERROR;
				CLANG_WARN_QUOTED_INCLUDE_IN_FRAMEWORK_HEADER = YES;
				CLANG_WARN_RANGE_LOOP_ANALYSIS = YES;
				CLANG_WARN_STRICT_PROTOTYPES = YES;
				CLANG_WARN_SUSPICIOUS_MOVE = YES;
				CLANG_WARN_UNGUARDED_AVAILABILITY = YES_AGGRESSIVE;
				CLANG_WARN_UNREACHABLE_CODE = YES;
				CLANG_WARN__DUPLICATE_METHOD_MATCH = YES;
				COPY_PHASE_STRIP = NO;
				DEBUG_INFORMATION_FORMAT = "dwarf-with-dsym";
				ENABLE_NS_ASSERTIONS = NO;
				ENABLE_STRICT_OBJC_MSGSEND = YES;
				GCC_C_LANGUAGE_STANDARD = gnu11;
				GCC_NO_COMMON_BLOCKS = YES;
				GCC_WARN_64_TO_32_BIT_CONVERSION = YES;
				GCC_WARN_ABOUT_RETURN_TYPE = YES_ERROR;
				GCC_WARN_UNDECLARED_SELECTOR = YES;
				GCC_WARN_UNINITIALIZED_AUTOS = YES_AGGRESSIVE;
				GCC_WARN_UNUSED_FUNCTION = YES;
				GCC_WARN_UNUSED_VARIABLE = YES;
				MACOSX_DEPLOYMENT_TARGET = 10.15;
				MTL_ENABLE_DEBUG_INFO = NO;
				MTL_FAST_MATH = YES;
				SDKROOT = macosx;
			};
			name = Release;
		};
		6A4875E1238A050C00EA0245 /* Debug */ = {
			isa = XCBuildConfiguration;
			buildSettings = {
				CODE_SIGN_STYLE = Automatic;
				DEVELOPMENT_TEAM = "";
				ENABLE_HARDENED_RUNTIME = YES;
				PRODUCT_NAME = "$(TARGET_NAME)";
			};
			name = Debug;
		};
		6A4875E2238A050C00EA0245 /* Release */ = {
			isa = XCBuildConfiguration;
			buildSettings = {
				CODE_SIGN_STYLE = Automatic;
				DEVELOPMENT_TEAM = "";
				ENABLE_HARDENED_RUNTIME = YES;
				PRODUCT_NAME = "$(TARGET_NAME)";
			};
			name = Release;
		};
/* End XCBuildConfiguration section */

/* Begin XCConfigurationList section */
		6A4875D4238A050C00EA0245 /* Build configuration list for PBXProject "Algorithm" */ = {
			isa = XCConfigurationList;
			buildConfigurations = (
				6A4875DE238A050C00EA0245 /* Debug */,
				6A4875DF238A050C00EA0245 /* Release */,
			);
			defaultConfigurationIsVisible = 0;
			defaultConfigurationName = Release;
		};
		6A4875E0238A050C00EA0245 /* Build configuration list for PBXNativeTarget "Algorithm" */ = {
			isa = XCConfigurationList;
			buildConfigurations = (
				6A4875E1238A050C00EA0245 /* Debug */,
				6A4875E2238A050C00EA0245 /* Release */,
			);
			defaultConfigurationIsVisible = 0;
			defaultConfigurationName = Release;
		};
/* End XCConfigurationList section */
	};
	rootObject = 6A4875D1238A050C00EA0245 /* Project object */;
}
